{
  "version": 4,
  "terraform_version": "1.1.7",
  "serial": 8,
  "lineage": "c7319b14-08dd-2477-1216-9aa2c927115f",
  "outputs": {},
  "resources": [
    {
      "mode": "managed",
      "type": "openstack_compute_floatingip_associate_v2",
      "name": "fip",
      "provider": "provider[\"registry.terraform.io/terraform-provider-openstack/openstack\"]",
      "instances": []
    },
    {
      "mode": "managed",
      "type": "openstack_compute_keypair_v2",
      "name": "keypair",
      "provider": "provider[\"registry.terraform.io/terraform-provider-openstack/openstack\"]",
      "instances": [
        {
          "index_key": 0,
          "schema_version": 0,
          "attributes": {
            "fingerprint": "0f:41:2d:4c:2d:9e:dc:10:51:2e:79:9f:79:33:f2:60",
            "id": "test_0_key",
            "name": "test_0_key",
            "private_key": "-----BEGIN RSA PRIVATE KEY-----\nMIIEpQIBAAKCAQEAxVuC4XlT/mGqUG32mNX2CtwFvBeSs1rR6mAM/ZNluYAHf5kp\n51LqZtZH0e/T8E6K6KECtfKxje20esEP7zVsUlFInixPVYLldWN8oIBujKLTk7pI\nTL2Ke3vIpOrXlS4sfYkWfy1ua2Q7LtDruqXYrKQQIyA5mhOZ0WgQo11c2dL8bHqW\nmgoU8gwpcBBDn0WjkOXezl5OsNcGYBG801mSzw1cP3QoFm3276mqkUMJrJRRczfT\nkfQCQ/p7yDQWtnFyLVR/7vJUY2zkWJsXYmTcsXqO/Z6hE97SIw/mwiAmx/Q+KCCQ\nhoN1Kj+iHd8ILTfUw2LWnF8E++5t6phaRlnBFQIDAQABAoIBABkNP7TdUNMmlJb3\nDmliJ4RDX5r7pwyLR8Anhx6dGjmMzebdi1soxEZfhuhYOB/16F4VKiHsd6tbdCBs\n51fnASQF22DwoPVq0zOueEBrbRz/AjprWAgduzlnghWlFc6C+PTKdQeZvb12EKkl\nrfaYXMO1Y7MBwS4UtN7HBe2myUWA8DHpwTV/95JbKRq0ajf8DZf4vF+aZzY6dJdG\nSgpEkL0EPnBQymui4a7thMQZWwvpQ/AIUo2l8WKTbnwhE3/cLCYjp4yjHlo1Rcpx\nyK8iDPL1QViN9IM9lw/rSupUBOIVltRPfqm8fP5sx+pd689KgdwdBlXKczLNf9W+\nnTf3wyECgYEA/yDpcvkqGd9gQAkFawVBrQbVttV3eFJlMPIGUXwegPsNRALbls8r\nfEdWRFvfz+az3s1e0rE7FQEkVvRIzHiE9Saf/r4FdAa5+ZdqzRnHk+CXT6T/yWAz\nCi51yiajfCU76sFJtwUx5kCNrxi/AfocuyPuwJHl4Leewd5tnw5h7OkCgYEAxggV\nXd+tU4kAbki+7n/pY2Hk8Ll0bef6p90L1ybmCzmNNI+04v+EyPMg6Qk5hhzFGGmW\nFcYG54V3LT4JpL894evI6qv3N2iem16DT8OHlkVrIaAYw0sZ+Dj38Yl0wFuueynW\nW6rjXmL6aLjQMZ0b3WGSmVrMEzX69yA/cVCeJ00CgYEA+ob0Fw2rlPpvxpHVOzFP\nO7xhcoeOKJ4odfbD05JhVeCxNx7jSOUo24IlqTzau4ndCSV8PsMAtHCJocWCEx8p\n2J3UMM+iBTxxtTFGFB+Dhqfdjb0F3FZV6GKVEiv9D/R0MOMbIti8FlE/kDhpoGRd\ngDsZwQnDxXYqNE/aL31tFbkCgYEAwYd+0hnZOozmBeFD7rLEtCIkafjjxtDxjgEh\nJCdYo9mfnKFgZoLOEtA/9l3UgLM3Ds+JJEg90R8GxAkfxYg8AsC5vlVGqTit4Cry\naw4sQHgg5WCfMqP/giyyarMpjR9MGgNeAIG16DUUgSk0FXhzldtYOFSaoZ+cXsx+\nE9B0bvUCgYEA2t7o2hbbTQPekX5IDi4hW2ULiJ2pxarWRf/tw2THI7hJ5qjrlgTT\nd7iZNHhK4ooT8OTelrCtdvXCoOb7vjeAXjXzdAhUUK3R1gW+jUDBTh8nZc3CiiFl\nibLN5guz5oIwj5lERqm4C8iG5AMCzNknxQFt8BFJOx0b4d2eVD3Aq3E=\n-----END RSA PRIVATE KEY-----\n",
            "public_key": "ssh-rsa AAAAB3NzaC1yc2EAAAADAQABAAABAQDFW4LheVP+YapQbfaY1fYK3AW8F5KzWtHqYAz9k2W5gAd/mSnnUupm1kfR79PwTorooQK18rGN7bR6wQ/vNWxSUUieLE9VguV1Y3yggG6MotOTukhMvYp7e8ik6teVLix9iRZ/LW5rZDsu0Ou6pdispBAjIDmaE5nRaBCjXVzZ0vxsepaaChTyDClwEEOfRaOQ5d7OXk6w1wZgEbzTWZLPDVw/dCgWbfbvqaqRQwmslFFzN9OR9AJD+nvINBa2cXItVH/u8lRjbORYmxdiZNyxeo79nqET3tIjD+bCICbH9D4oIJCGg3UqP6Id3wgtN9TDYtacXwT77m3qmFpGWcEV Generated-by-Nova",
            "region": "brno1",
            "value_specs": null
          },
          "sensitive_attributes": [],
          "private": "bnVsbA=="
        }
      ]
    },
    {
      "mode": "managed",
      "type": "openstack_networking_secgroup_rule_v2",
      "name": "security_rule_icmp",
      "provider": "provider[\"registry.terraform.io/terraform-provider-openstack/openstack\"]",
      "instances": [
        {
          "schema_version": 0,
          "attributes": {
            "description": "",
            "direction": "ingress",
            "ethertype": "IPv4",
            "id": "4372e635-10de-46bf-84e2-bec4acf5411f",
            "port_range_max": 0,
            "port_range_min": 0,
            "protocol": "icmp",
            "region": "brno1",
            "remote_group_id": "",
            "remote_ip_prefix": "",
            "security_group_id": "8b51f84b-fc70-4a47-8a18-c752d38fa20e",
            "tenant_id": "0798921a62934c70aea7d2f777657adf",
            "timeouts": null
          },
          "sensitive_attributes": [],
          "private": "eyJlMmJmYjczMC1lY2FhLTExZTYtOGY4OC0zNDM2M2JjN2M0YzAiOnsiZGVsZXRlIjo2MDAwMDAwMDAwMDB9fQ==",
          "dependencies": [
            "openstack_networking_secgroup_v2.security_group"
          ]
        }
      ]
    },
    {
      "mode": "managed",
      "type": "openstack_networking_secgroup_rule_v2",
      "name": "security_rule_tcp",
      "provider": "provider[\"registry.terraform.io/terraform-provider-openstack/openstack\"]",
      "instances": [
        {
          "schema_version": 0,
          "attributes": {
            "description": "",
            "direction": "ingress",
            "ethertype": "IPv4",
            "id": "3e258563-11c5-4867-836f-878a913fa30c",
            "port_range_max": 0,
            "port_range_min": 0,
            "protocol": "tcp",
            "region": "brno1",
            "remote_group_id": "",
            "remote_ip_prefix": "",
            "security_group_id": "8b51f84b-fc70-4a47-8a18-c752d38fa20e",
            "tenant_id": "0798921a62934c70aea7d2f777657adf",
            "timeouts": null
          },
          "sensitive_attributes": [],
          "private": "eyJlMmJmYjczMC1lY2FhLTExZTYtOGY4OC0zNDM2M2JjN2M0YzAiOnsiZGVsZXRlIjo2MDAwMDAwMDAwMDB9fQ==",
          "dependencies": [
            "openstack_networking_secgroup_v2.security_group"
          ]
        }
      ]
    },
    {
      "mode": "managed",
      "type": "openstack_networking_secgroup_rule_v2",
      "name": "security_rule_udp",
      "provider": "provider[\"registry.terraform.io/terraform-provider-openstack/openstack\"]",
      "instances": [
        {
          "schema_version": 0,
          "attributes": {
            "description": "",
            "direction": "ingress",
            "ethertype": "IPv4",
            "id": "083aaccf-3320-4277-9dca-c8b727dd710a",
            "port_range_max": 0,
            "port_range_min": 0,
            "protocol": "udp",
            "region": "brno1",
            "remote_group_id": "",
            "remote_ip_prefix": "",
            "security_group_id": "8b51f84b-fc70-4a47-8a18-c752d38fa20e",
            "tenant_id": "0798921a62934c70aea7d2f777657adf",
            "timeouts": null
          },
          "sensitive_attributes": [],
          "private": "eyJlMmJmYjczMC1lY2FhLTExZTYtOGY4OC0zNDM2M2JjN2M0YzAiOnsiZGVsZXRlIjo2MDAwMDAwMDAwMDB9fQ==",
          "dependencies": [
            "openstack_networking_secgroup_v2.security_group"
          ]
        }
      ]
    },
    {
      "mode": "managed",
      "type": "openstack_networking_secgroup_v2",
      "name": "security_group",
      "provider": "provider[\"registry.terraform.io/terraform-provider-openstack/openstack\"]",
      "instances": [
        {
          "schema_version": 0,
          "attributes": {
            "all_tags": [],
            "delete_default_rules": null,
            "description": "",
            "id": "8b51f84b-fc70-4a47-8a18-c752d38fa20e",
            "name": "test_infrastructure_security_group_test",
            "region": "brno1",
            "tags": null,
            "tenant_id": "0798921a62934c70aea7d2f777657adf",
            "timeouts": null
          },
          "sensitive_attributes": [],
          "private": "eyJlMmJmYjczMC1lY2FhLTExZTYtOGY4OC0zNDM2M2JjN2M0YzAiOnsiZGVsZXRlIjo2MDAwMDAwMDAwMDB9fQ=="
        }
      ]
    }
  ]
}
